
Microsoft Visual Studio Solution File, Format Version 12.00
# Visual Studio Version 17
VisualStudioVersion = 17.0.31912.275
MinimumVisualStudioVersion = 10.0.40219.1
Project("{FAE04EC0-301F-11D3-BF4B-00C04F79EFBC}") = "Tolitech.CodeGenerator.Domain", "Domain\Tolitech.CodeGenerator.Domain.csproj", "{0DEB3283-BF8E-4A7B-BEE3-5B6939107E06}"
EndProject
Project("{FAE04EC0-301F-11D3-BF4B-00C04F79EFBC}") = "Tolitech.CodeGenerator.Domain.Tests", "Domain.Tests\Tolitech.CodeGenerator.Domain.Tests.csproj", "{1E108DBC-370C-4128-BE9C-E6FBC6C52AA8}"
EndProject
Global
	GlobalSection(SolutionConfigurationPlatforms) = preSolution
		Debug|Any CPU = Debug|Any CPU
		Release|Any CPU = Release|Any CPU
	EndGlobalSection
	GlobalSection(ProjectConfigurationPlatforms) = postSolution
		{0DEB3283-BF8E-4A7B-BEE3-5B6939107E06}.Debug|Any CPU.ActiveCfg = Debug|Any CPU
		{0DEB3283-BF8E-4A7B-BEE3-5B6939107E06}.Debug|Any CPU.Build.0 = Debug|Any CPU
		{0DEB3283-BF8E-4A7B-BEE3-5B6939107E06}.Release|Any CPU.ActiveCfg = Release|Any CPU
		{0DEB3283-BF8E-4A7B-BEE3-5B6939107E06}.Release|Any CPU.Build.0 = Release|Any CPU
		{1E108DBC-370C-4128-BE9C-E6FBC6C52AA8}.Debug|Any CPU.ActiveCfg = Debug|Any CPU
		{1E108DBC-370C-4128-BE9C-E6FBC6C52AA8}.Debug|Any CPU.Build.0 = Debug|Any CPU
		{1E108DBC-370C-4128-BE9C-E6FBC6C52AA8}.Release|Any CPU.ActiveCfg = Release|Any CPU
		{1E108DBC-370C-4128-BE9C-E6FBC6C52AA8}.Release|Any CPU.Build.0 = Release|Any CPU
	EndGlobalSection
	GlobalSection(SolutionProperties) = preSolution
		HideSolutionNode = FALSE
	EndGlobalSection
	GlobalSection(ExtensibilityGlobals) = postSolution
		SolutionGuid = {53995C7E-0996-493D-9D17-7ECA9D151BE6}
	EndGlobalSection
EndGlobal
